
Microsoft Visual Studio Solution File, Format Version 12.00
# Visual Studio Version 16
VisualStudioVersion = 16.0.30804.86
MinimumVisualStudioVersion = 10.0.40219.1
Project("{FAE04EC0-301F-11D3-BF4B-00C04F79EFBC}") = "sport", "sport\sport.csproj", "{656B2963-BCB5-400C-886D-5AF34ADF197C}"
EndProject
Global
	GlobalSection(SolutionConfigurationPlatforms) = preSolution
		Debug|Any CPU = Debug|Any CPU
		Release|Any CPU = Release|Any CPU
	EndGlobalSection
	GlobalSection(ProjectConfigurationPlatforms) = postSolution
		{656B2963-BCB5-400C-886D-5AF34ADF197C}.Debug|Any CPU.ActiveCfg = Debug|Any CPU
		{656B2963-BCB5-400C-886D-5AF34ADF197C}.Debug|Any CPU.Build.0 = Debug|Any CPU
		{656B2963-BCB5-400C-886D-5AF34ADF197C}.Release|Any CPU.ActiveCfg = Release|Any CPU
		{656B2963-BCB5-400C-886D-5AF34ADF197C}.Release|Any CPU.Build.0 = Release|Any CPU
	EndGlobalSection
	GlobalSection(SolutionProperties) = preSolution
		HideSolutionNode = FALSE
	EndGlobalSection
	GlobalSection(ExtensibilityGlobals) = postSolution
		SolutionGuid = {55E5D388-B670-4746-9A12-0A09823D63A1}
	EndGlobalSection
EndGlobal
